// !$*UTF8*$!
{
	archiveVersion = 1;
	classes = {
	};
	objectVersion = 46;
	objects = {

/* Begin PBXBuildFile section */
		803174981891BD7D00E4DF72 /* Foundation.framework in Frameworks */ = {isa = PBXBuildFile; fileRef = 803174971891BD7D00E4DF72 /* Foundation.framework */; };
		8031749A1891BD7D00E4DF72 /* CoreGraphics.framework in Frameworks */ = {isa = PBXBuildFile; fileRef = 803174991891BD7D00E4DF72 /* CoreGraphics.framework */; };
		8031749C1891BD7D00E4DF72 /* UIKit.framework in Frameworks */ = {isa = PBXBuildFile; fileRef = 8031749B1891BD7D00E4DF72 /* UIKit.framework */; };
		803174A21891BD7D00E4DF72 /* InfoPlist.strings in Resources */ = {isa = PBXBuildFile; fileRef = 803174A01891BD7D00E4DF72 /* InfoPlist.strings */; };
		803174A41891BD7D00E4DF72 /* main.m in Sources */ = {isa = PBXBuildFile; fileRef = 803174A31891BD7D00E4DF72 /* main.m */; };
		803174AA1891BD7D00E4DF72 /* Images.xcassets in Resources */ = {isa = PBXBuildFile; fileRef = 803174A91891BD7D00E4DF72 /* Images.xcassets */; };
		803174B11891BD7D00E4DF72 /* XCTest.framework in Frameworks */ = {isa = PBXBuildFile; fileRef = 803174B01891BD7D00E4DF72 /* XCTest.framework */; };
		803174B21891BD7D00E4DF72 /* Foundation.framework in Frameworks */ = {isa = PBXBuildFile; fileRef = 803174971891BD7D00E4DF72 /* Foundation.framework */; };
		803174B31891BD7D00E4DF72 /* UIKit.framework in Frameworks */ = {isa = PBXBuildFile; fileRef = 8031749B1891BD7D00E4DF72 /* UIKit.framework */; };
		803174BB1891BD7D00E4DF72 /* InfoPlist.strings in Resources */ = {isa = PBXBuildFile; fileRef = 803174B91891BD7D00E4DF72 /* InfoPlist.strings */; };
		803174BD1891BD7D00E4DF72 /* FriendsTests.m in Sources */ = {isa = PBXBuildFile; fileRef = 803174BC1891BD7D00E4DF72 /* FriendsTests.m */; };
		803174CB1891BEA600E4DF72 /* SWAppDelegate.m in Sources */ = {isa = PBXBuildFile; fileRef = 803174C81891BEA600E4DF72 /* SWAppDelegate.m */; };
/* End PBXBuildFile section */

/* Begin PBXContainerItemProxy section */
		803174B41891BD7D00E4DF72 /* PBXContainerItemProxy */ = {
			isa = PBXContainerItemProxy;
			containerPortal = 8031748C1891BD7D00E4DF72 /* Project object */;
			proxyType = 1;
			remoteGlobalIDString = 803174931891BD7D00E4DF72;
			remoteInfo = Friends;
		};
/* End PBXContainerItemProxy section */

/* Begin PBXFileReference section */
		803174941891BD7D00E4DF72 /* Friends.app */ = {isa = PBXFileReference; explicitFileType = wrapper.application; includeInIndex = 0; path = Friends.app; sourceTree = BUILT_PRODUCTS_DIR; };
		803174971891BD7D00E4DF72 /* Foundation.framework */ = {isa = PBXFileReference; lastKnownFileType = wrapper.framework; name = Foundation.framework; path = System/Library/Frameworks/Foundation.framework; sourceTree = SDKROOT; };
		803174991891BD7D00E4DF72 /* CoreGraphics.framework */ = {isa = PBXFileReference; lastKnownFileType = wrapper.framework; name = CoreGraphics.framework; path = System/Library/Frameworks/CoreGraphics.framework; sourceTree = SDKROOT; };
		8031749B1891BD7D00E4DF72 /* UIKit.framework */ = {isa = PBXFileReference; lastKnownFileType = wrapper.framework; name = UIKit.framework; path = System/Library/Frameworks/UIKit.framework; sourceTree = SDKROOT; };
		8031749F1891BD7D00E4DF72 /* Friends-Info.plist */ = {isa = PBXFileReference; lastKnownFileType = text.plist.xml; path = "Friends-Info.plist"; sourceTree = "<group>"; };
		803174A11891BD7D00E4DF72 /* en */ = {isa = PBXFileReference; lastKnownFileType = text.plist.strings; name = en; path = en.lproj/InfoPlist.strings; sourceTree = "<group>"; };
		803174A31891BD7D00E4DF72 /* main.m */ = {isa = PBXFileReference; lastKnownFileType = sourcecode.c.objc; path = main.m; sourceTree = "<group>"; };
		803174A51891BD7D00E4DF72 /* Friends-Prefix.pch */ = {isa = PBXFileReference; lastKnownFileType = sourcecode.c.h; path = "Friends-Prefix.pch"; sourceTree = "<group>"; };
		803174A91891BD7D00E4DF72 /* Images.xcassets */ = {isa = PBXFileReference; lastKnownFileType = folder.assetcatalog; path = Images.xcassets; sourceTree = "<group>"; };
		803174AF1891BD7D00E4DF72 /* FriendsTests.xctest */ = {isa = PBXFileReference; explicitFileType = wrapper.cfbundle; includeInIndex = 0; path = FriendsTests.xctest; sourceTree = BUILT_PRODUCTS_DIR; };
		803174B01891BD7D00E4DF72 /* XCTest.framework */ = {isa = PBXFileReference; lastKnownFileType = wrapper.framework; name = XCTest.framework; path = Library/Frameworks/XCTest.framework; sourceTree = DEVELOPER_DIR; };
		803174B81891BD7D00E4DF72 /* FriendsTests-Info.plist */ = {isa = PBXFileReference; lastKnownFileType = text.plist.xml; path = "FriendsTests-Info.plist"; sourceTree = "<group>"; };
		803174BA1891BD7D00E4DF72 /* en */ = {isa = PBXFileReference; lastKnownFileType = text.plist.strings; name = en; path = en.lproj/InfoPlist.strings; sourceTree = "<group>"; };
		803174BC1891BD7D00E4DF72 /* FriendsTests.m */ = {isa = PBXFileReference; lastKnownFileType = sourcecode.c.objc; path = FriendsTests.m; sourceTree = "<group>"; };
		803174C71891BEA600E4DF72 /* SWAppDelegate.h */ = {isa = PBXFileReference; fileEncoding = 4; lastKnownFileType = sourcecode.c.h; path = SWAppDelegate.h; sourceTree = "<group>"; };
		803174C81891BEA600E4DF72 /* SWAppDelegate.m */ = {isa = PBXFileReference; fileEncoding = 4; lastKnownFileType = sourcecode.c.objc; path = SWAppDelegate.m; sourceTree = "<group>"; };
/* End PBXFileReference section */

/* Begin PBXFrameworksBuildPhase section */
		803174911891BD7D00E4DF72 /* Frameworks */ = {
			isa = PBXFrameworksBuildPhase;
			buildActionMask = 2147483647;
			files = (
				8031749A1891BD7D00E4DF72 /* CoreGraphics.framework in Frameworks */,
				8031749C1891BD7D00E4DF72 /* UIKit.framework in Frameworks */,
				803174981891BD7D00E4DF72 /* Foundation.framework in Frameworks */,
			);
			runOnlyForDeploymentPostprocessing = 0;
		};
		803174AC1891BD7D00E4DF72 /* Frameworks */ = {
			isa = PBXFrameworksBuildPhase;
			buildActionMask = 2147483647;
			files = (
				803174B11891BD7D00E4DF72 /* XCTest.framework in Frameworks */,
				803174B31891BD7D00E4DF72 /* UIKit.framework in Frameworks */,
				803174B21891BD7D00E4DF72 /* Foundation.framework in Frameworks */,
			);
			runOnlyForDeploymentPostprocessing = 0;
		};
/* End PBXFrameworksBuildPhase section */

/* Begin PBXGroup section */
		8031748B1891BD7D00E4DF72 = {
			isa = PBXGroup;
			children = (
				8031749D1891BD7D00E4DF72 /* Friends */,
				803174B61891BD7D00E4DF72 /* FriendsTests */,
				803174961891BD7D00E4DF72 /* Frameworks */,
				803174951891BD7D00E4DF72 /* Products */,
			);
			sourceTree = "<group>";
		};
		803174951891BD7D00E4DF72 /* Products */ = {
			isa = PBXGroup;
			children = (
				803174941891BD7D00E4DF72 /* Friends.app */,
				803174AF1891BD7D00E4DF72 /* FriendsTests.xctest */,
			);
			name = Products;
			sourceTree = "<group>";
		};
		803174961891BD7D00E4DF72 /* Frameworks */ = {
			isa = PBXGroup;
			children = (
				803174971891BD7D00E4DF72 /* Foundation.framework */,
				803174991891BD7D00E4DF72 /* CoreGraphics.framework */,
				8031749B1891BD7D00E4DF72 /* UIKit.framework */,
				803174B01891BD7D00E4DF72 /* XCTest.framework */,
			);
			name = Frameworks;
			sourceTree = "<group>";
		};
		8031749D1891BD7D00E4DF72 /* Friends */ = {
			isa = PBXGroup;
			children = (
				803174C61891BEA600E4DF72 /* App Delegate */,
				803174C91891BEA600E4DF72 /* View Controllers */,
				803174CA1891BEA600E4DF72 /* Views */,
				803174A91891BD7D00E4DF72 /* Images.xcassets */,
				8031749E1891BD7D00E4DF72 /* Supporting Files */,
			);
			path = Friends;
			sourceTree = "<group>";
		};
		8031749E1891BD7D00E4DF72 /* Supporting Files */ = {
			isa = PBXGroup;
			children = (
				8031749F1891BD7D00E4DF72 /* Friends-Info.plist */,
				803174A01891BD7D00E4DF72 /* InfoPlist.strings */,
				803174A31891BD7D00E4DF72 /* main.m */,
				803174A51891BD7D00E4DF72 /* Friends-Prefix.pch */,
			);
			name = "Supporting Files";
			sourceTree = "<group>";
		};
		803174B61891BD7D00E4DF72 /* FriendsTests */ = {
			isa = PBXGroup;
			children = (
				803174BC1891BD7D00E4DF72 /* FriendsTests.m */,
				803174B71891BD7D00E4DF72 /* Supporting Files */,
			);
			path = FriendsTests;
			sourceTree = "<group>";
		};
		803174B71891BD7D00E4DF72 /* Supporting Files */ = {
			isa = PBXGroup;
			children = (
				803174B81891BD7D00E4DF72 /* FriendsTests-Info.plist */,
				803174B91891BD7D00E4DF72 /* InfoPlist.strings */,
			);
			name = "Supporting Files";
			sourceTree = "<group>";
		};
		803174C61891BEA600E4DF72 /* App Delegate */ = {
			isa = PBXGroup;
			children = (
				803174C71891BEA600E4DF72 /* SWAppDelegate.h */,
				803174C81891BEA600E4DF72 /* SWAppDelegate.m */,
			);
			path = "App Delegate";
			sourceTree = "<group>";
		};
		803174C91891BEA600E4DF72 /* View Controllers */ = {
			isa = PBXGroup;
			children = (
			);
			path = "View Controllers";
			sourceTree = "<group>";
		};
		803174CA1891BEA600E4DF72 /* Views */ = {
			isa = PBXGroup;
			children = (
			);
			path = Views;
			sourceTree = "<group>";
		};
/* End PBXGroup section */

/* Begin PBXNativeTarget section */
		803174931891BD7D00E4DF72 /* Friends */ = {
			isa = PBXNativeTarget;
			buildConfigurationList = 803174C01891BD7D00E4DF72 /* Build configuration list for PBXNativeTarget "Friends" */;
			buildPhases = (
				803174901891BD7D00E4DF72 /* Sources */,
				803174911891BD7D00E4DF72 /* Frameworks */,
				803174921891BD7D00E4DF72 /* Resources */,
			);
			buildRules = (
			);
			dependencies = (
			);
			name = Friends;
			productName = Friends;
			productReference = 803174941891BD7D00E4DF72 /* Friends.app */;
			productType = "com.apple.product-type.application";
		};
		803174AE1891BD7D00E4DF72 /* FriendsTests */ = {
			isa = PBXNativeTarget;
			buildConfigurationList = 803174C31891BD7D00E4DF72 /* Build configuration list for PBXNativeTarget "FriendsTests" */;
			buildPhases = (
				803174AB1891BD7D00E4DF72 /* Sources */,
				803174AC1891BD7D00E4DF72 /* Frameworks */,
				803174AD1891BD7D00E4DF72 /* Resources */,
			);
			buildRules = (
			);
			dependencies = (
				803174B51891BD7D00E4DF72 /* PBXTargetDependency */,
			);
			name = FriendsTests;
			productName = FriendsTests;
			productReference = 803174AF1891BD7D00E4DF72 /* FriendsTests.xctest */;
			productType = "com.apple.product-type.bundle.unit-test";
		};
/* End PBXNativeTarget section */

/* Begin PBXProject section */
		8031748C1891BD7D00E4DF72 /* Project object */ = {
			isa = PBXProject;
			attributes = {
				CLASSPREFIX = SW;
				LastUpgradeCheck = 0510;
				ORGANIZATIONNAME = "Simon Westerlund";
				TargetAttributes = {
					803174AE1891BD7D00E4DF72 = {
						TestTargetID = 803174931891BD7D00E4DF72;
					};
				};
			};
			buildConfigurationList = 8031748F1891BD7D00E4DF72 /* Build configuration list for PBXProject "Friends" */;
			compatibilityVersion = "Xcode 3.2";
			developmentRegion = English;
			hasScannedForEncodings = 0;
			knownRegions = (
				en,
			);
			mainGroup = 8031748B1891BD7D00E4DF72;
			productRefGroup = 803174951891BD7D00E4DF72 /* Products */;
			projectDirPath = "";
			projectRoot = "";
			targets = (
				803174931891BD7D00E4DF72 /* Friends */,
				803174AE1891BD7D00E4DF72 /* FriendsTests */,
			);
		};
/* End PBXProject section */

/* Begin PBXResourcesBuildPhase section */
		803174921891BD7D00E4DF72 /* Resources */ = {
			isa = PBXResourcesBuildPhase;
			buildActionMask = 2147483647;
			files = (
				803174A21891BD7D00E4DF72 /* InfoPlist.strings in Resources */,
				803174AA1891BD7D00E4DF72 /* Images.xcassets in Resources */,
			);
			runOnlyForDeploymentPostprocessing = 0;
		};
		803174AD1891BD7D00E4DF72 /* Resources */ = {
			isa = PBXResourcesBuildPhase;
			buildActionMask = 2147483647;
			files = (
				803174BB1891BD7D00E4DF72 /* InfoPlist.strings in Resources */,
			);
			runOnlyForDeploymentPostprocessing = 0;
		};
/* End PBXResourcesBuildPhase section */

/* Begin PBXSourcesBuildPhase section */
		803174901891BD7D00E4DF72 /* Sources */ = {
			isa = PBXSourcesBuildPhase;
			buildActionMask = 2147483647;
			files = (
				803174CB1891BEA600E4DF72 /* SWAppDelegate.m in Sources */,
				803174A41891BD7D00E4DF72 /* main.m in Sources */,
			);
			runOnlyForDeploymentPostprocessing = 0;
		};
		803174AB1891BD7D00E4DF72 /* Sources */ = {
			isa = PBXSourcesBuildPhase;
			buildActionMask = 2147483647;
			files = (
				803174BD1891BD7D00E4DF72 /* FriendsTests.m in Sources */,
			);
			runOnlyForDeploymentPostprocessing = 0;
		};
/* End PBXSourcesBuildPhase section */

/* Begin PBXTargetDependency section */
		803174B51891BD7D00E4DF72 /* PBXTargetDependency */ = {
			isa = PBXTargetDependency;
			target = 803174931891BD7D00E4DF72 /* Friends */;
			targetProxy = 803174B41891BD7D00E4DF72 /* PBXContainerItemProxy */;
		};
/* End PBXTargetDependency section */

/* Begin PBXVariantGroup section */
		803174A01891BD7D00E4DF72 /* InfoPlist.strings */ = {
			isa = PBXVariantGroup;
			children = (
				803174A11891BD7D00E4DF72 /* en */,
			);
			name = InfoPlist.strings;
			sourceTree = "<group>";
		};
		803174B91891BD7D00E4DF72 /* InfoPlist.strings */ = {
			isa = PBXVariantGroup;
			children = (
				803174BA1891BD7D00E4DF72 /* en */,
			);
			name = InfoPlist.strings;
			sourceTree = "<group>";
		};
/* End PBXVariantGroup section */

/* Begin XCBuildConfiguration section */
		803174BE1891BD7D00E4DF72 /* Debug */ = {
			isa = XCBuildConfiguration;
			buildSettings = {
				ALWAYS_SEARCH_USER_PATHS = NO;
				ARCHS = "$(ARCHS_STANDARD_INCLUDING_64_BIT)";
				CLANG_CXX_LANGUAGE_STANDARD = "gnu++0x";
				CLANG_CXX_LIBRARY = "libc++";
				CLANG_ENABLE_MODULES = YES;
				CLANG_ENABLE_OBJC_ARC = YES;
				CLANG_WARN_BOOL_CONVERSION = YES;
				CLANG_WARN_CONSTANT_CONVERSION = YES;
				CLANG_WARN_DIRECT_OBJC_ISA_USAGE = YES_ERROR;
				CLANG_WARN_EMPTY_BODY = YES;
				CLANG_WARN_ENUM_CONVERSION = YES;
				CLANG_WARN_INT_CONVERSION = YES;
				CLANG_WARN_OBJC_ROOT_CLASS = YES_ERROR;
				CLANG_WARN__DUPLICATE_METHOD_MATCH = YES;
				"CODE_SIGN_IDENTITY[sdk=iphoneos*]" = "iPhone Developer";
				COPY_PHASE_STRIP = NO;
				GCC_C_LANGUAGE_STANDARD = gnu99;
				GCC_DYNAMIC_NO_PIC = NO;
				GCC_OPTIMIZATION_LEVEL = 0;
				GCC_PREPROCESSOR_DEFINITIONS = (
					"DEBUG=1",
					"$(inherited)",
				);
				GCC_SYMBOLS_PRIVATE_EXTERN = NO;
				GCC_WARN_64_TO_32_BIT_CONVERSION = YES;
				GCC_WARN_ABOUT_RETURN_TYPE = YES_ERROR;
				GCC_WARN_UNDECLARED_SELECTOR = YES;
				GCC_WARN_UNINITIALIZED_AUTOS = YES_AGGRESSIVE;
				GCC_WARN_UNUSED_FUNCTION = YES;
				GCC_WARN_UNUSED_VARIABLE = YES;
				IPHONEOS_DEPLOYMENT_TARGET = 7.1;
				ONLY_ACTIVE_ARCH = YES;
				SDKROOT = iphoneos;
				TARGETED_DEVICE_FAMILY = "1,2";
			};
			name = Debug;
		};
		803174BF1891BD7D00E4DF72 /* Release */ = {
			isa = XCBuildConfiguration;
			buildSettings = {
				ALWAYS_SEARCH_USER_PATHS = NO;
				ARCHS = "$(ARCHS_STANDARD_INCLUDING_64_BIT)";
				CLANG_CXX_LANGUAGE_STANDARD = "gnu++0x";
				CLANG_CXX_LIBRARY = "libc++";
				CLANG_ENABLE_MODULES = YES;
				CLANG_ENABLE_OBJC_ARC = YES;
				CLANG_WARN_BOOL_CONVERSION = YES;
				CLANG_WARN_CONSTANT_CONVERSION = YES;
				CLANG_WARN_DIRECT_OBJC_ISA_USAGE = YES_ERROR;
				CLANG_WARN_EMPTY_BODY = YES;
				CLANG_WARN_ENUM_CONVERSION = YES;
				CLANG_WARN_INT_CONVERSION = YES;
				CLANG_WARN_OBJC_ROOT_CLASS = YES_ERROR;
				CLANG_WARN__DUPLICATE_METHOD_MATCH = YES;
				"CODE_SIGN_IDENTITY[sdk=iphoneos*]" = "iPhone Developer";
				COPY_PHASE_STRIP = YES;
				ENABLE_NS_ASSERTIONS = NO;
				GCC_C_LANGUAGE_STANDARD = gnu99;
				GCC_WARN_64_TO_32_BIT_CONVERSION = YES;
				GCC_WARN_ABOUT_RETURN_TYPE = YES_ERROR;
				GCC_WARN_UNDECLARED_SELECTOR = YES;
				GCC_WARN_UNINITIALIZED_AUTOS = YES_AGGRESSIVE;
				GCC_WARN_UNUSED_FUNCTION = YES;
				GCC_WARN_UNUSED_VARIABLE = YES;
				IPHONEOS_DEPLOYMENT_TARGET = 7.1;
				SDKROOT = iphoneos;
				TARGETED_DEVICE_FAMILY = "1,2";
				VALIDATE_PRODUCT = YES;
			};
			name = Release;
		};
		803174C11891BD7D00E4DF72 /* Debug */ = {
			isa = XCBuildConfiguration;
			buildSettings = {
				ASSETCATALOG_COMPILER_APPICON_NAME = AppIcon;
				ASSETCATALOG_COMPILER_LAUNCHIMAGE_NAME = LaunchImage;
				GCC_PRECOMPILE_PREFIX_HEADER = YES;
				GCC_PREFIX_HEADER = "Friends/Friends-Prefix.pch";
				INFOPLIST_FILE = "Friends/Friends-Info.plist";
				IPHONEOS_DEPLOYMENT_TARGET = 7.0;
				PRODUCT_NAME = "$(TARGET_NAME)";
				WRAPPER_EXTENSION = app;
			};
			name = Debug;
		};
		803174C21891BD7D00E4DF72 /* Release */ = {
			isa = XCBuildConfiguration;
			buildSettings = {
				ASSETCATALOG_COMPILER_APPICON_NAME = AppIcon;
				ASSETCATALOG_COMPILER_LAUNCHIMAGE_NAME = LaunchImage;
				GCC_PRECOMPILE_PREFIX_HEADER = YES;
				GCC_PREFIX_HEADER = "Friends/Friends-Prefix.pch";
				INFOPLIST_FILE = "Friends/Friends-Info.plist";
				IPHONEOS_DEPLOYMENT_TARGET = 7.0;
				PRODUCT_NAME = "$(TARGET_NAME)";
				WRAPPER_EXTENSION = app;
			};
			name = Release;
		};
		803174C41891BD7D00E4DF72 /* Debug */ = {
			isa = XCBuildConfiguration;
			buildSettings = {
				ARCHS = "$(ARCHS_STANDARD_INCLUDING_64_BIT)";
				BUNDLE_LOADER = "$(BUILT_PRODUCTS_DIR)/Friends.app/Friends";
				FRAMEWORK_SEARCH_PATHS = (
					"$(SDKROOT)/Developer/Library/Frameworks",
					"$(inherited)",
					"$(DEVELOPER_FRAMEWORKS_DIR)",
				);
				GCC_PRECOMPILE_PREFIX_HEADER = YES;
				GCC_PREFIX_HEADER = "Friends/Friends-Prefix.pch";
				GCC_PREPROCESSOR_DEFINITIONS = (
					"DEBUG=1",
					"$(inherited)",
				);
				INFOPLIST_FILE = "FriendsTests/FriendsTests-Info.plist";
				PRODUCT_NAME = "$(TARGET_NAME)";
				TEST_HOST = "$(BUNDLE_LOADER)";
				WRAPPER_EXTENSION = xctest;
			};
			name = Debug;
		};
		803174C51891BD7D00E4DF72 /* Release */ = {
			isa = XCBuildConfiguration;
			buildSettings = {
				ARCHS = "$(ARCHS_STANDARD_INCLUDING_64_BIT)";
				BUNDLE_LOADER = "$(BUILT_PRODUCTS_DIR)/Friends.app/Friends";
				FRAMEWORK_SEARCH_PATHS = (
					"$(SDKROOT)/Developer/Library/Frameworks",
					"$(inherited)",
					"$(DEVELOPER_FRAMEWORKS_DIR)",
				);
				GCC_PRECOMPILE_PREFIX_HEADER = YES;
				GCC_PREFIX_HEADER = "Friends/Friends-Prefix.pch";
				INFOPLIST_FILE = "FriendsTests/FriendsTests-Info.plist";
				PRODUCT_NAME = "$(TARGET_NAME)";
				TEST_HOST = "$(BUNDLE_LOADER)";
				WRAPPER_EXTENSION = xctest;
			};
			name = Release;
		};
/* End XCBuildConfiguration section */

/* Begin XCConfigurationList section */
		8031748F1891BD7D00E4DF72 /* Build configuration list for PBXProject "Friends" */ = {
			isa = XCConfigurationList;
			buildConfigurations = (
				803174BE1891BD7D00E4DF72 /* Debug */,
				803174BF1891BD7D00E4DF72 /* Release */,
			);
			defaultConfigurationIsVisible = 0;
			defaultConfigurationName = Release;
		};
		803174C01891BD7D00E4DF72 /* Build configuration list for PBXNativeTarget "Friends" */ = {
			isa = XCConfigurationList;
			buildConfigurations = (
				803174C11891BD7D00E4DF72 /* Debug */,
				803174C21891BD7D00E4DF72 /* Release */,
			);
			defaultConfigurationIsVisible = 0;
		};
		803174C31891BD7D00E4DF72 /* Build configuration list for PBXNativeTarget "FriendsTests" */ = {
			isa = XCConfigurationList;
			buildConfigurations = (
				803174C41891BD7D00E4DF72 /* Debug */,
				803174C51891BD7D00E4DF72 /* Release */,
			);
			defaultConfigurationIsVisible = 0;
		};
/* End XCConfigurationList section */
	};
	rootObject = 8031748C1891BD7D00E4DF72 /* Project object */;
}
